
Microsoft Visual Studio Solution File, Format Version 12.00
# Visual Studio Version 17
VisualStudioVersion = 17.1.32328.378
MinimumVisualStudioVersion = 10.0.40219.1
Project("{FAE04EC0-301F-11D3-BF4B-00C04F79EFBC}") = "DIMS", "DIMS\DIMS.csproj", "{2DB9DECF-F3CA-4750-BFC1-E1925B8DD18D}"
EndProject
Global
	GlobalSection(SolutionConfigurationPlatforms) = preSolution
		Debug|Any CPU = Debug|Any CPU
		Release|Any CPU = Release|Any CPU
	EndGlobalSection
	GlobalSection(ProjectConfigurationPlatforms) = postSolution
		{2DB9DECF-F3CA-4750-BFC1-E1925B8DD18D}.Debug|Any CPU.ActiveCfg = Debug|Any CPU
		{2DB9DECF-F3CA-4750-BFC1-E1925B8DD18D}.Debug|Any CPU.Build.0 = Debug|Any CPU
		{2DB9DECF-F3CA-4750-BFC1-E1925B8DD18D}.Release|Any CPU.ActiveCfg = Release|Any CPU
		{2DB9DECF-F3CA-4750-BFC1-E1925B8DD18D}.Release|Any CPU.Build.0 = Release|Any CPU
	EndGlobalSection
	GlobalSection(SolutionProperties) = preSolution
		HideSolutionNode = FALSE
	EndGlobalSection
	GlobalSection(ExtensibilityGlobals) = postSolution
		SolutionGuid = {F6562960-27A0-497F-8E49-DCDCE38E3F64}
	EndGlobalSection
EndGlobal
